
Microsoft Visual Studio Solution File, Format Version 12.00
# Visual Studio 15
VisualStudioVersion = 15.0.28010.2036
MinimumVisualStudioVersion = 10.0.40219.1
Project("{FAE04EC0-301F-11D3-BF4B-00C04F79EFBC}") = "BlazorDemo.Server", "BlazorDemo.Server\BlazorDemo.Server.csproj", "{0A9B837B-4BAA-4CC9-99F6-1FC0A22CF3D8}"
EndProject
Project("{FAE04EC0-301F-11D3-BF4B-00C04F79EFBC}") = "BlazorDemo.Client", "BlazorDemo.Client\BlazorDemo.Client.csproj", "{1F8B7750-9F0F-4A5A-B2C8-13DD1BBBC7B7}"
EndProject
Project("{FAE04EC0-301F-11D3-BF4B-00C04F79EFBC}") = "BlazorDemo.Shared", "BlazorDemo.Shared\BlazorDemo.Shared.csproj", "{F174A59B-63A3-41F3-8F2A-384A7067661C}"
EndProject
Global
	GlobalSection(SolutionConfigurationPlatforms) = preSolution
		Debug|Any CPU = Debug|Any CPU
		Release|Any CPU = Release|Any CPU
	EndGlobalSection
	GlobalSection(ProjectConfigurationPlatforms) = postSolution
		{0A9B837B-4BAA-4CC9-99F6-1FC0A22CF3D8}.Debug|Any CPU.ActiveCfg = Debug|Any CPU
		{0A9B837B-4BAA-4CC9-99F6-1FC0A22CF3D8}.Debug|Any CPU.Build.0 = Debug|Any CPU
		{0A9B837B-4BAA-4CC9-99F6-1FC0A22CF3D8}.Release|Any CPU.ActiveCfg = Release|Any CPU
		{0A9B837B-4BAA-4CC9-99F6-1FC0A22CF3D8}.Release|Any CPU.Build.0 = Release|Any CPU
		{1F8B7750-9F0F-4A5A-B2C8-13DD1BBBC7B7}.Debug|Any CPU.ActiveCfg = Debug|Any CPU
		{1F8B7750-9F0F-4A5A-B2C8-13DD1BBBC7B7}.Debug|Any CPU.Build.0 = Debug|Any CPU
		{1F8B7750-9F0F-4A5A-B2C8-13DD1BBBC7B7}.Release|Any CPU.ActiveCfg = Release|Any CPU
		{1F8B7750-9F0F-4A5A-B2C8-13DD1BBBC7B7}.Release|Any CPU.Build.0 = Release|Any CPU
		{F174A59B-63A3-41F3-8F2A-384A7067661C}.Debug|Any CPU.ActiveCfg = Debug|Any CPU
		{F174A59B-63A3-41F3-8F2A-384A7067661C}.Debug|Any CPU.Build.0 = Debug|Any CPU
		{F174A59B-63A3-41F3-8F2A-384A7067661C}.Release|Any CPU.ActiveCfg = Release|Any CPU
		{F174A59B-63A3-41F3-8F2A-384A7067661C}.Release|Any CPU.Build.0 = Release|Any CPU
	EndGlobalSection
	GlobalSection(SolutionProperties) = preSolution
		HideSolutionNode = FALSE
	EndGlobalSection
	GlobalSection(ExtensibilityGlobals) = postSolution
		SolutionGuid = {FCDBC524-E0DB-42E2-95F4-09F28DD171BF}
	EndGlobalSection
EndGlobal
